// !$*UTF8*$!
{
	archiveVersion = 1;
	classes = {
	};
	objectVersion = 55;
	objects = {

/* Begin PBXBuildFile section */
		8E118B8C28A9323300B1FACD /* ProductTableViewController.swift in Sources */ = {isa = PBXBuildFile; fileRef = 8E118B8B28A9323300B1FACD /* ProductTableViewController.swift */; };
		8E1B806028A90D1100BC78AA /* AppDelegate.swift in Sources */ = {isa = PBXBuildFile; fileRef = 8E1B805F28A90D1100BC78AA /* AppDelegate.swift */; };
		8E1B806228A90D1100BC78AA /* SceneDelegate.swift in Sources */ = {isa = PBXBuildFile; fileRef = 8E1B806128A90D1100BC78AA /* SceneDelegate.swift */; };
		8E1B806428A90D1100BC78AA /* WelcomeViewController.swift in Sources */ = {isa = PBXBuildFile; fileRef = 8E1B806328A90D1100BC78AA /* WelcomeViewController.swift */; };
		8E1B806728A90D1100BC78AA /* Main.storyboard in Resources */ = {isa = PBXBuildFile; fileRef = 8E1B806528A90D1100BC78AA /* Main.storyboard */; };
		8E1B806A28A90D1100BC78AA /* Sales_Client_Product.xcdatamodeld in Sources */ = {isa = PBXBuildFile; fileRef = 8E1B806828A90D1100BC78AA /* Sales_Client_Product.xcdatamodeld */; };
		8E1B806C28A90D1400BC78AA /* Assets.xcassets in Resources */ = {isa = PBXBuildFile; fileRef = 8E1B806B28A90D1400BC78AA /* Assets.xcassets */; };
		8E1B806F28A90D1400BC78AA /* LaunchScreen.storyboard in Resources */ = {isa = PBXBuildFile; fileRef = 8E1B806D28A90D1400BC78AA /* LaunchScreen.storyboard */; };
		8E1B807728A90E2000BC78AA /* Constants.swift in Sources */ = {isa = PBXBuildFile; fileRef = 8E1B807628A90E2000BC78AA /* Constants.swift */; };
		8E1B807928A90E9D00BC78AA /* SalesViewController.swift in Sources */ = {isa = PBXBuildFile; fileRef = 8E1B807828A90E9D00BC78AA /* SalesViewController.swift */; };
		8EDD9FA428AA344500BDB2F0 /* ClientTableViewController copy.swift in Sources */ = {isa = PBXBuildFile; fileRef = 8EDD9FA328AA344500BDB2F0 /* ClientTableViewController copy.swift */; };
		8EF445AB28AA7D98005EAA7C /* SalesTableViewController.swift in Sources */ = {isa = PBXBuildFile; fileRef = 8EF445AA28AA7D98005EAA7C /* SalesTableViewController.swift */; };
/* End PBXBuildFile section */

/* Begin PBXFileReference section */
		8E118B8B28A9323300B1FACD /* ProductTableViewController.swift */ = {isa = PBXFileReference; lastKnownFileType = sourcecode.swift; path = ProductTableViewController.swift; sourceTree = "<group>"; };
		8E1B805C28A90D1100BC78AA /* Sales Client Product.app */ = {isa = PBXFileReference; explicitFileType = wrapper.application; includeInIndex = 0; path = "Sales Client Product.app"; sourceTree = BUILT_PRODUCTS_DIR; };
		8E1B805F28A90D1100BC78AA /* AppDelegate.swift */ = {isa = PBXFileReference; lastKnownFileType = sourcecode.swift; path = AppDelegate.swift; sourceTree = "<group>"; };
		8E1B806128A90D1100BC78AA /* SceneDelegate.swift */ = {isa = PBXFileReference; lastKnownFileType = sourcecode.swift; path = SceneDelegate.swift; sourceTree = "<group>"; };
		8E1B806328A90D1100BC78AA /* WelcomeViewController.swift */ = {isa = PBXFileReference; lastKnownFileType = sourcecode.swift; path = WelcomeViewController.swift; sourceTree = "<group>"; };
		8E1B806628A90D1100BC78AA /* Base */ = {isa = PBXFileReference; lastKnownFileType = file.storyboard; name = Base; path = Base.lproj/Main.storyboard; sourceTree = "<group>"; };
		8E1B806928A90D1100BC78AA /* Sales_Client_Product.xcdatamodel */ = {isa = PBXFileReference; lastKnownFileType = wrapper.xcdatamodel; path = Sales_Client_Product.xcdatamodel; sourceTree = "<group>"; };
		8E1B806B28A90D1400BC78AA /* Assets.xcassets */ = {isa = PBXFileReference; lastKnownFileType = folder.assetcatalog; path = Assets.xcassets; sourceTree = "<group>"; };
		8E1B806E28A90D1400BC78AA /* Base */ = {isa = PBXFileReference; lastKnownFileType = file.storyboard; name = Base; path = Base.lproj/LaunchScreen.storyboard; sourceTree = "<group>"; };
		8E1B807028A90D1400BC78AA /* Info.plist */ = {isa = PBXFileReference; lastKnownFileType = text.plist.xml; path = Info.plist; sourceTree = "<group>"; };
		8E1B807628A90E2000BC78AA /* Constants.swift */ = {isa = PBXFileReference; lastKnownFileType = sourcecode.swift; path = Constants.swift; sourceTree = "<group>"; };
		8E1B807828A90E9D00BC78AA /* SalesViewController.swift */ = {isa = PBXFileReference; lastKnownFileType = sourcecode.swift; path = SalesViewController.swift; sourceTree = "<group>"; };
		8EDD9FA328AA344500BDB2F0 /* ClientTableViewController copy.swift */ = {isa = PBXFileReference; lastKnownFileType = sourcecode.swift; path = "ClientTableViewController copy.swift"; sourceTree = "<group>"; };
		8EF445AA28AA7D98005EAA7C /* SalesTableViewController.swift */ = {isa = PBXFileReference; lastKnownFileType = sourcecode.swift; path = SalesTableViewController.swift; sourceTree = "<group>"; };
/* End PBXFileReference section */

/* Begin PBXFrameworksBuildPhase section */
		8E1B805928A90D1100BC78AA /* Frameworks */ = {
			isa = PBXFrameworksBuildPhase;
			buildActionMask = 2147483647;
			files = (
			);
			runOnlyForDeploymentPostprocessing = 0;
		};
/* End PBXFrameworksBuildPhase section */

/* Begin PBXGroup section */
		8E1B805328A90D1100BC78AA = {
			isa = PBXGroup;
			children = (
				8E1B805E28A90D1100BC78AA /* Sales Client Product */,
				8E1B805D28A90D1100BC78AA /* Products */,
			);
			sourceTree = "<group>";
		};
		8E1B805D28A90D1100BC78AA /* Products */ = {
			isa = PBXGroup;
			children = (
				8E1B805C28A90D1100BC78AA /* Sales Client Product.app */,
			);
			name = Products;
			sourceTree = "<group>";
		};
		8E1B805E28A90D1100BC78AA /* Sales Client Product */ = {
			isa = PBXGroup;
			children = (
				8E1B805F28A90D1100BC78AA /* AppDelegate.swift */,
				8E1B806128A90D1100BC78AA /* SceneDelegate.swift */,
				8E1B807628A90E2000BC78AA /* Constants.swift */,
				8E1B807A28A90EA300BC78AA /* Controllers */,
				8E1B807B28A90ED200BC78AA /* Views */,
				8E1B806B28A90D1400BC78AA /* Assets.xcassets */,
				8E1B806D28A90D1400BC78AA /* LaunchScreen.storyboard */,
				8E1B807028A90D1400BC78AA /* Info.plist */,
				8E1B806828A90D1100BC78AA /* Sales_Client_Product.xcdatamodeld */,
			);
			path = "Sales Client Product";
			sourceTree = "<group>";
		};
		8E1B807A28A90EA300BC78AA /* Controllers */ = {
			isa = PBXGroup;
			children = (
				8E1B806328A90D1100BC78AA /* WelcomeViewController.swift */,
				8E118B8B28A9323300B1FACD /* ProductTableViewController.swift */,
				8EDD9FA328AA344500BDB2F0 /* ClientTableViewController copy.swift */,
				8EF445AA28AA7D98005EAA7C /* SalesTableViewController.swift */,
				8E1B807828A90E9D00BC78AA /* SalesViewController.swift */,
			);
			path = Controllers;
			sourceTree = "<group>";
		};
		8E1B807B28A90ED200BC78AA /* Views */ = {
			isa = PBXGroup;
			children = (
				8E1B806528A90D1100BC78AA /* Main.storyboard */,
			);
			path = Views;
			sourceTree = "<group>";
		};
/* End PBXGroup section */

/* Begin PBXNativeTarget section */
		8E1B805B28A90D1100BC78AA /* Sales Client Product */ = {
			isa = PBXNativeTarget;
			buildConfigurationList = 8E1B807328A90D1400BC78AA /* Build configuration list for PBXNativeTarget "Sales Client Product" */;
			buildPhases = (
				8E1B805828A90D1100BC78AA /* Sources */,
				8E1B805928A90D1100BC78AA /* Frameworks */,
				8E1B805A28A90D1100BC78AA /* Resources */,
			);
			buildRules = (
			);
			dependencies = (
			);
			name = "Sales Client Product";
			productName = "Sales Client Product";
			productReference = 8E1B805C28A90D1100BC78AA /* Sales Client Product.app */;
			productType = "com.apple.product-type.application";
		};
/* End PBXNativeTarget section */

/* Begin PBXProject section */
		8E1B805428A90D1100BC78AA /* Project object */ = {
			isa = PBXProject;
			attributes = {
				BuildIndependentTargetsInParallel = 1;
				LastSwiftUpdateCheck = 1340;
				LastUpgradeCheck = 1340;
				TargetAttributes = {
					8E1B805B28A90D1100BC78AA = {
						CreatedOnToolsVersion = 13.4.1;
					};
				};
			};
			buildConfigurationList = 8E1B805728A90D1100BC78AA /* Build configuration list for PBXProject "Sales Client Product" */;
			compatibilityVersion = "Xcode 13.0";
			developmentRegion = en;
			hasScannedForEncodings = 0;
			knownRegions = (
				en,
				Base,
			);
			mainGroup = 8E1B805328A90D1100BC78AA;
			productRefGroup = 8E1B805D28A90D1100BC78AA /* Products */;
			projectDirPath = "";
			projectRoot = "";
			targets = (
				8E1B805B28A90D1100BC78AA /* Sales Client Product */,
			);
		};
/* End PBXProject section */

/* Begin PBXResourcesBuildPhase section */
		8E1B805A28A90D1100BC78AA /* Resources */ = {
			isa = PBXResourcesBuildPhase;
			buildActionMask = 2147483647;
			files = (
				8E1B806F28A90D1400BC78AA /* LaunchScreen.storyboard in Resources */,
				8E1B806C28A90D1400BC78AA /* Assets.xcassets in Resources */,
				8E1B806728A90D1100BC78AA /* Main.storyboard in Resources */,
			);
			runOnlyForDeploymentPostprocessing = 0;
		};
/* End PBXResourcesBuildPhase section */

/* Begin PBXSourcesBuildPhase section */
		8E1B805828A90D1100BC78AA /* Sources */ = {
			isa = PBXSourcesBuildPhase;
			buildActionMask = 2147483647;
			files = (
				8EDD9FA428AA344500BDB2F0 /* ClientTableViewController copy.swift in Sources */,
				8EF445AB28AA7D98005EAA7C /* SalesTableViewController.swift in Sources */,
				8E1B807728A90E2000BC78AA /* Constants.swift in Sources */,
				8E1B806428A90D1100BC78AA /* WelcomeViewController.swift in Sources */,
				8E1B807928A90E9D00BC78AA /* SalesViewController.swift in Sources */,
				8E1B806A28A90D1100BC78AA /* Sales_Client_Product.xcdatamodeld in Sources */,
				8E118B8C28A9323300B1FACD /* ProductTableViewController.swift in Sources */,
				8E1B806028A90D1100BC78AA /* AppDelegate.swift in Sources */,
				8E1B806228A90D1100BC78AA /* SceneDelegate.swift in Sources */,
			);
			runOnlyForDeploymentPostprocessing = 0;
		};
/* End PBXSourcesBuildPhase section */

/* Begin PBXVariantGroup section */
		8E1B806528A90D1100BC78AA /* Main.storyboard */ = {
			isa = PBXVariantGroup;
			children = (
				8E1B806628A90D1100BC78AA /* Base */,
			);
			name = Main.storyboard;
			sourceTree = "<group>";
		};
		8E1B806D28A90D1400BC78AA /* LaunchScreen.storyboard */ = {
			isa = PBXVariantGroup;
			children = (
				8E1B806E28A90D1400BC78AA /* Base */,
			);
			name = LaunchScreen.storyboard;
			sourceTree = "<group>";
		};
/* End PBXVariantGroup section */

/* Begin XCBuildConfiguration section */
		8E1B807128A90D1400BC78AA /* Debug */ = {
			isa = XCBuildConfiguration;
			buildSettings = {
				ALWAYS_SEARCH_USER_PATHS = NO;
				CLANG_ANALYZER_NONNULL = YES;
				CLANG_ANALYZER_NUMBER_OBJECT_CONVERSION = YES_AGGRESSIVE;
				CLANG_CXX_LANGUAGE_STANDARD = "gnu++17";
				CLANG_ENABLE_MODULES = YES;
				CLANG_ENABLE_OBJC_ARC = YES;
				CLANG_ENABLE_OBJC_WEAK = YES;
				CLANG_WARN_BLOCK_CAPTURE_AUTORELEASING = YES;
				CLANG_WARN_BOOL_CONVERSION = YES;
				CLANG_WARN_COMMA = YES;
				CLANG_WARN_CONSTANT_CONVERSION = YES;
				CLANG_WARN_DEPRECATED_OBJC_IMPLEMENTATIONS = YES;
				CLANG_WARN_DIRECT_OBJC_ISA_USAGE = YES_ERROR;
				CLANG_WARN_DOCUMENTATION_COMMENTS = YES;
				CLANG_WARN_EMPTY_BODY = YES;
				CLANG_WARN_ENUM_CONVERSION = YES;
				CLANG_WARN_INFINITE_RECURSION = YES;
				CLANG_WARN_INT_CONVERSION = YES;
				CLANG_WARN_NON_LITERAL_NULL_CONVERSION = YES;
				CLANG_WARN_OBJC_IMPLICIT_RETAIN_SELF = YES;
				CLANG_WARN_OBJC_LITERAL_CONVERSION = YES;
				CLANG_WARN_OBJC_ROOT_CLASS = YES_ERROR;
				CLANG_WARN_QUOTED_INCLUDE_IN_FRAMEWORK_HEADER = YES;
				CLANG_WARN_RANGE_LOOP_ANALYSIS = YES;
				CLANG_WARN_STRICT_PROTOTYPES = YES;
				CLANG_WARN_SUSPICIOUS_MOVE = YES;
				CLANG_WARN_UNGUARDED_AVAILABILITY = YES_AGGRESSIVE;
				CLANG_WARN_UNREACHABLE_CODE = YES;
				CLANG_WARN__DUPLICATE_METHOD_MATCH = YES;
				COPY_PHASE_STRIP = NO;
				DEBUG_INFORMATION_FORMAT = dwarf;
				ENABLE_STRICT_OBJC_MSGSEND = YES;
				ENABLE_TESTABILITY = YES;
				GCC_C_LANGUAGE_STANDARD = gnu11;
				GCC_DYNAMIC_NO_PIC = NO;
				GCC_NO_COMMON_BLOCKS = YES;
				GCC_OPTIMIZATION_LEVEL = 0;
				GCC_PREPROCESSOR_DEFINITIONS = (
					"DEBUG=1",
					"$(inherited)",
				);
				GCC_WARN_64_TO_32_BIT_CONVERSION = YES;
				GCC_WARN_ABOUT_RETURN_TYPE = YES_ERROR;
				GCC_WARN_UNDECLARED_SELECTOR = YES;
				GCC_WARN_UNINITIALIZED_AUTOS = YES_AGGRESSIVE;
				GCC_WARN_UNUSED_FUNCTION = YES;
				GCC_WARN_UNUSED_VARIABLE = YES;
				IPHONEOS_DEPLOYMENT_TARGET = 15.5;
				MTL_ENABLE_DEBUG_INFO = INCLUDE_SOURCE;
				MTL_FAST_MATH = YES;
				ONLY_ACTIVE_ARCH = YES;
				SDKROOT = iphoneos;
				SWIFT_ACTIVE_COMPILATION_CONDITIONS = DEBUG;
				SWIFT_OPTIMIZATION_LEVEL = "-Onone";
			};
			name = Debug;
		};
		8E1B807228A90D1400BC78AA /* Release */ = {
			isa = XCBuildConfiguration;
			buildSettings = {
				ALWAYS_SEARCH_USER_PATHS = NO;
				CLANG_ANALYZER_NONNULL = YES;
				CLANG_ANALYZER_NUMBER_OBJECT_CONVERSION = YES_AGGRESSIVE;
				CLANG_CXX_LANGUAGE_STANDARD = "gnu++17";
				CLANG_ENABLE_MODULES = YES;
				CLANG_ENABLE_OBJC_ARC = YES;
				CLANG_ENABLE_OBJC_WEAK = YES;
				CLANG_WARN_BLOCK_CAPTURE_AUTORELEASING = YES;
				CLANG_WARN_BOOL_CONVERSION = YES;
				CLANG_WARN_COMMA = YES;
				CLANG_WARN_CONSTANT_CONVERSION = YES;
				CLANG_WARN_DEPRECATED_OBJC_IMPLEMENTATIONS = YES;
				CLANG_WARN_DIRECT_OBJC_ISA_USAGE = YES_ERROR;
				CLANG_WARN_DOCUMENTATION_COMMENTS = YES;
				CLANG_WARN_EMPTY_BODY = YES;
				CLANG_WARN_ENUM_CONVERSION = YES;
				CLANG_WARN_INFINITE_RECURSION = YES;
				CLANG_WARN_INT_CONVERSION = YES;
				CLANG_WARN_NON_LITERAL_NULL_CONVERSION = YES;
				CLANG_WARN_OBJC_IMPLICIT_RETAIN_SELF = YES;
				CLANG_WARN_OBJC_LITERAL_CONVERSION = YES;
				CLANG_WARN_OBJC_ROOT_CLASS = YES_ERROR;
				CLANG_WARN_QUOTED_INCLUDE_IN_FRAMEWORK_HEADER = YES;
				CLANG_WARN_RANGE_LOOP_ANALYSIS = YES;
				CLANG_WARN_STRICT_PROTOTYPES = YES;
				CLANG_WARN_SUSPICIOUS_MOVE = YES;
				CLANG_WARN_UNGUARDED_AVAILABILITY = YES_AGGRESSIVE;
				CLANG_WARN_UNREACHABLE_CODE = YES;
				CLANG_WARN__DUPLICATE_METHOD_MATCH = YES;
				COPY_PHASE_STRIP = NO;
				DEBUG_INFORMATION_FORMAT = "dwarf-with-dsym";
				ENABLE_NS_ASSERTIONS = NO;
				ENABLE_STRICT_OBJC_MSGSEND = YES;
				GCC_C_LANGUAGE_STANDARD = gnu11;
				GCC_NO_COMMON_BLOCKS = YES;
				GCC_WARN_64_TO_32_BIT_CONVERSION = YES;
				GCC_WARN_ABOUT_RETURN_TYPE = YES_ERROR;
				GCC_WARN_UNDECLARED_SELECTOR = YES;
				GCC_WARN_UNINITIALIZED_AUTOS = YES_AGGRESSIVE;
				GCC_WARN_UNUSED_FUNCTION = YES;
				GCC_WARN_UNUSED_VARIABLE = YES;
				IPHONEOS_DEPLOYMENT_TARGET = 15.5;
				MTL_ENABLE_DEBUG_INFO = NO;
				MTL_FAST_MATH = YES;
				SDKROOT = iphoneos;
				SWIFT_COMPILATION_MODE = wholemodule;
				SWIFT_OPTIMIZATION_LEVEL = "-O";
				VALIDATE_PRODUCT = YES;
			};
			name = Release;
		};
		8E1B807428A90D1400BC78AA /* Debug */ = {
			isa = XCBuildConfiguration;
			buildSettings = {
				ASSETCATALOG_COMPILER_APPICON_NAME = AppIcon;
				ASSETCATALOG_COMPILER_GLOBAL_ACCENT_COLOR_NAME = AccentColor;
				CODE_SIGN_STYLE = Automatic;
				CURRENT_PROJECT_VERSION = 1;
				DEVELOPMENT_TEAM = 4CRP9BLFN6;
				GENERATE_INFOPLIST_FILE = YES;
				INFOPLIST_FILE = "Sales Client Product/Info.plist";
				INFOPLIST_KEY_UIApplicationSupportsIndirectInputEvents = YES;
				INFOPLIST_KEY_UILaunchStoryboardName = LaunchScreen;
				INFOPLIST_KEY_UIMainStoryboardFile = Main;
				INFOPLIST_KEY_UISupportedInterfaceOrientations_iPad = "UIInterfaceOrientationPortrait UIInterfaceOrientationPortraitUpsideDown UIInterfaceOrientationLandscapeLeft UIInterfaceOrientationLandscapeRight";
				INFOPLIST_KEY_UISupportedInterfaceOrientations_iPhone = "UIInterfaceOrientationPortrait UIInterfaceOrientationLandscapeLeft UIInterfaceOrientationLandscapeRight";
				LD_RUNPATH_SEARCH_PATHS = (
					"$(inherited)",
					"@executable_path/Frameworks",
				);
				MARKETING_VERSION = 1.0;
				PRODUCT_BUNDLE_IDENTIFIER = "pt.rasnath.app3.Sales-Client-Product";
				PRODUCT_NAME = "$(TARGET_NAME)";
				SWIFT_EMIT_LOC_STRINGS = YES;
				SWIFT_VERSION = 5.0;
				TARGETED_DEVICE_FAMILY = "1,2";
			};
			name = Debug;
		};
		8E1B807528A90D1400BC78AA /* Release */ = {
			isa = XCBuildConfiguration;
			buildSettings = {
				ASSETCATALOG_COMPILER_APPICON_NAME = AppIcon;
				ASSETCATALOG_COMPILER_GLOBAL_ACCENT_COLOR_NAME = AccentColor;
				CODE_SIGN_STYLE = Automatic;
				CURRENT_PROJECT_VERSION = 1;
				DEVELOPMENT_TEAM = 4CRP9BLFN6;
				GENERATE_INFOPLIST_FILE = YES;
				INFOPLIST_FILE = "Sales Client Product/Info.plist";
				INFOPLIST_KEY_UIApplicationSupportsIndirectInputEvents = YES;
				INFOPLIST_KEY_UILaunchStoryboardName = LaunchScreen;
				INFOPLIST_KEY_UIMainStoryboardFile = Main;
				INFOPLIST_KEY_UISupportedInterfaceOrientations_iPad = "UIInterfaceOrientationPortrait UIInterfaceOrientationPortraitUpsideDown UIInterfaceOrientationLandscapeLeft UIInterfaceOrientationLandscapeRight";
				INFOPLIST_KEY_UISupportedInterfaceOrientations_iPhone = "UIInterfaceOrientationPortrait UIInterfaceOrientationLandscapeLeft UIInterfaceOrientationLandscapeRight";
				LD_RUNPATH_SEARCH_PATHS = (
					"$(inherited)",
					"@executable_path/Frameworks",
				);
				MARKETING_VERSION = 1.0;
				PRODUCT_BUNDLE_IDENTIFIER = "pt.rasnath.app3.Sales-Client-Product";
				PRODUCT_NAME = "$(TARGET_NAME)";
				SWIFT_EMIT_LOC_STRINGS = YES;
				SWIFT_VERSION = 5.0;
				TARGETED_DEVICE_FAMILY = "1,2";
			};
			name = Release;
		};
/* End XCBuildConfiguration section */

/* Begin XCConfigurationList section */
		8E1B805728A90D1100BC78AA /* Build configuration list for PBXProject "Sales Client Product" */ = {
			isa = XCConfigurationList;
			buildConfigurations = (
				8E1B807128A90D1400BC78AA /* Debug */,
				8E1B807228A90D1400BC78AA /* Release */,
			);
			defaultConfigurationIsVisible = 0;
			defaultConfigurationName = Release;
		};
		8E1B807328A90D1400BC78AA /* Build configuration list for PBXNativeTarget "Sales Client Product" */ = {
			isa = XCConfigurationList;
			buildConfigurations = (
				8E1B807428A90D1400BC78AA /* Debug */,
				8E1B807528A90D1400BC78AA /* Release */,
			);
			defaultConfigurationIsVisible = 0;
			defaultConfigurationName = Release;
		};
/* End XCConfigurationList section */

/* Begin XCVersionGroup section */
		8E1B806828A90D1100BC78AA /* Sales_Client_Product.xcdatamodeld */ = {
			isa = XCVersionGroup;
			children = (
				8E1B806928A90D1100BC78AA /* Sales_Client_Product.xcdatamodel */,
			);
			currentVersion = 8E1B806928A90D1100BC78AA /* Sales_Client_Product.xcdatamodel */;
			path = Sales_Client_Product.xcdatamodeld;
			sourceTree = "<group>";
			versionGroupType = wrapper.xcdatamodel;
		};
/* End XCVersionGroup section */
	};
	rootObject = 8E1B805428A90D1100BC78AA /* Project object */;
}
